
Microsoft Visual Studio Solution File, Format Version 12.00
# Visual Studio Version 17
VisualStudioVersion = 17.4.33122.133
MinimumVisualStudioVersion = 10.0.40219.1
Project("{FAE04EC0-301F-11D3-BF4B-00C04F79EFBC}") = "AuthTest.Server", "AuthTest\Server\AuthTest.Server.csproj", "{40753B0E-1966-4EF6-9333-7B65D5507E8C}"
EndProject
Project("{FAE04EC0-301F-11D3-BF4B-00C04F79EFBC}") = "AuthTest.Client", "AuthTest\Client\AuthTest.Client.csproj", "{0E1D5424-B7D1-45C8-854D-C9DAC4563040}"
EndProject
Project("{FAE04EC0-301F-11D3-BF4B-00C04F79EFBC}") = "AuthTest.Shared", "AuthTest\Shared\AuthTest.Shared.csproj", "{8901DF2B-F861-48FB-A36A-74AEE29AB21D}"
EndProject
Global
	GlobalSection(SolutionConfigurationPlatforms) = preSolution
		Debug|Any CPU = Debug|Any CPU
		Release|Any CPU = Release|Any CPU
	EndGlobalSection
	GlobalSection(ProjectConfigurationPlatforms) = postSolution
		{40753B0E-1966-4EF6-9333-7B65D5507E8C}.Debug|Any CPU.ActiveCfg = Debug|Any CPU
		{40753B0E-1966-4EF6-9333-7B65D5507E8C}.Debug|Any CPU.Build.0 = Debug|Any CPU
		{40753B0E-1966-4EF6-9333-7B65D5507E8C}.Release|Any CPU.ActiveCfg = Release|Any CPU
		{40753B0E-1966-4EF6-9333-7B65D5507E8C}.Release|Any CPU.Build.0 = Release|Any CPU
		{0E1D5424-B7D1-45C8-854D-C9DAC4563040}.Debug|Any CPU.ActiveCfg = Debug|Any CPU
		{0E1D5424-B7D1-45C8-854D-C9DAC4563040}.Debug|Any CPU.Build.0 = Debug|Any CPU
		{0E1D5424-B7D1-45C8-854D-C9DAC4563040}.Release|Any CPU.ActiveCfg = Release|Any CPU
		{0E1D5424-B7D1-45C8-854D-C9DAC4563040}.Release|Any CPU.Build.0 = Release|Any CPU
		{8901DF2B-F861-48FB-A36A-74AEE29AB21D}.Debug|Any CPU.ActiveCfg = Debug|Any CPU
		{8901DF2B-F861-48FB-A36A-74AEE29AB21D}.Debug|Any CPU.Build.0 = Debug|Any CPU
		{8901DF2B-F861-48FB-A36A-74AEE29AB21D}.Release|Any CPU.ActiveCfg = Release|Any CPU
		{8901DF2B-F861-48FB-A36A-74AEE29AB21D}.Release|Any CPU.Build.0 = Release|Any CPU
	EndGlobalSection
	GlobalSection(SolutionProperties) = preSolution
		HideSolutionNode = FALSE
	EndGlobalSection
	GlobalSection(ExtensibilityGlobals) = postSolution
		SolutionGuid = {F0EFCD49-370E-471A-88E7-297568AE4A7F}
	EndGlobalSection
EndGlobal
